// !$*UTF8*$!
{
	archiveVersion = 1;
	classes = {
	};
	objectVersion = 51;
	objects = {

/* Begin PBXBuildFile section */
		48775EE22787E99990443075 /* Pods_weather_app.framework in Frameworks */ = {isa = PBXBuildFile; fileRef = 79811CD20CCBADE04587C66D /* Pods_weather_app.framework */; };
		C0A4B3DEF86500D51E61057C /* Pods_weather_app_weather_appUITests.framework in Frameworks */ = {isa = PBXBuildFile; fileRef = E50C0F78470828C6EBB24A05 /* Pods_weather_app_weather_appUITests.framework */; };
		D20D72272998262100D92419 /* WeatherData.swift in Sources */ = {isa = PBXBuildFile; fileRef = D20D72262998262100D92419 /* WeatherData.swift */; };
		D20D722C2998287B00D92419 /* WeatherManager.swift in Sources */ = {isa = PBXBuildFile; fileRef = D20D722B2998287B00D92419 /* WeatherManager.swift */; };
		D2108D10299D624800053324 /* AccessibilityIdentifiers.swift in Sources */ = {isa = PBXBuildFile; fileRef = D2108D0F299D624800053324 /* AccessibilityIdentifiers.swift */; };
		D22C95E6299ACEBC0041E5D7 /* WeatherDataFailure.swift in Sources */ = {isa = PBXBuildFile; fileRef = D22C95E5299ACEBC0041E5D7 /* WeatherDataFailure.swift */; };
		D244D85929A13EBD00057498 /* AddLocationTests.swift in Sources */ = {isa = PBXBuildFile; fileRef = D244D85829A13EBD00057498 /* AddLocationTests.swift */; };
		D27375E729A368E1000B5DC6 /* BaseElement.swift in Sources */ = {isa = PBXBuildFile; fileRef = D27375E629A368E1000B5DC6 /* BaseElement.swift */; };
		D27375EB29A39224000B5DC6 /* Button.swift in Sources */ = {isa = PBXBuildFile; fileRef = D27375EA29A39224000B5DC6 /* Button.swift */; };
		D27375EF29A39263000B5DC6 /* TextField.swift in Sources */ = {isa = PBXBuildFile; fileRef = D27375EE29A39263000B5DC6 /* TextField.swift */; };
		D27375F329A3928A000B5DC6 /* LocationAlert.swift in Sources */ = {isa = PBXBuildFile; fileRef = D27375F229A3928A000B5DC6 /* LocationAlert.swift */; };
		D27375F729A39396000B5DC6 /* Alert.swift in Sources */ = {isa = PBXBuildFile; fileRef = D27375F629A39396000B5DC6 /* Alert.swift */; };
		D27375FB29A393FE000B5DC6 /* Label.swift in Sources */ = {isa = PBXBuildFile; fileRef = D27375FA29A393FE000B5DC6 /* Label.swift */; };
		D27375FF29A3C517000B5DC6 /* Title.swift in Sources */ = {isa = PBXBuildFile; fileRef = D27375FE29A3C517000B5DC6 /* Title.swift */; };
		D273760329A3C9C5000B5DC6 /* Image.swift in Sources */ = {isa = PBXBuildFile; fileRef = D273760229A3C9C5000B5DC6 /* Image.swift */; };
		D273760729A3CC9D000B5DC6 /* ReturnProtocol.swift in Sources */ = {isa = PBXBuildFile; fileRef = D273760629A3CC9D000B5DC6 /* ReturnProtocol.swift */; };
		D27EB93D299A36CD008A769E /* AddCityViewController.swift in Sources */ = {isa = PBXBuildFile; fileRef = D27EB93C299A36CD008A769E /* AddCityViewController.swift */; };
		D27EB94A299A3DF1008A769E /* IntExtensions.swift in Sources */ = {isa = PBXBuildFile; fileRef = D27EB949299A3DF1008A769E /* IntExtensions.swift */; };
		D28DB51929A10D8F00BA2AEC /* CacheManager.swift in Sources */ = {isa = PBXBuildFile; fileRef = D28DB51829A10D8F00BA2AEC /* CacheManager.swift */; };
		D2CB91F12997F32300530031 /* AppDelegate.swift in Sources */ = {isa = PBXBuildFile; fileRef = D2CB91F02997F32300530031 /* AppDelegate.swift */; };
		D2CB91F32997F32300530031 /* SceneDelegate.swift in Sources */ = {isa = PBXBuildFile; fileRef = D2CB91F22997F32300530031 /* SceneDelegate.swift */; };
		D2CB91F52997F32300530031 /* WeatherViewController.swift in Sources */ = {isa = PBXBuildFile; fileRef = D2CB91F42997F32300530031 /* WeatherViewController.swift */; };
		D2CB91F82997F32300530031 /* Main.storyboard in Resources */ = {isa = PBXBuildFile; fileRef = D2CB91F62997F32300530031 /* Main.storyboard */; };
		D2CB91FA2997F32600530031 /* Assets.xcassets in Resources */ = {isa = PBXBuildFile; fileRef = D2CB91F92997F32600530031 /* Assets.xcassets */; };
		D2CB91FD2997F32600530031 /* LaunchScreen.storyboard in Resources */ = {isa = PBXBuildFile; fileRef = D2CB91FB2997F32600530031 /* LaunchScreen.storyboard */; };
		D2F68F34299978990038CC75 /* DoubleExtensions.swift in Sources */ = {isa = PBXBuildFile; fileRef = D2F68F33299978990038CC75 /* DoubleExtensions.swift */; };
		D2F9131029A24BDE008C7C7C /* BaseScreen.swift in Sources */ = {isa = PBXBuildFile; fileRef = D2F9130F29A24BDE008C7C7C /* BaseScreen.swift */; };
		D2F9131729A24DCE008C7C7C /* BaseTest.swift in Sources */ = {isa = PBXBuildFile; fileRef = D2F9131629A24DCE008C7C7C /* BaseTest.swift */; };
		D2F9131F29A25344008C7C7C /* AddCityScreen.swift in Sources */ = {isa = PBXBuildFile; fileRef = D2F9131E29A25344008C7C7C /* AddCityScreen.swift */; };
		D2F9132329A25367008C7C7C /* WeatherViewScreen.swift in Sources */ = {isa = PBXBuildFile; fileRef = D2F9132229A25367008C7C7C /* WeatherViewScreen.swift */; };
/* End PBXBuildFile section */

/* Begin PBXContainerItemProxy section */
		D244D85B29A13EBD00057498 /* PBXContainerItemProxy */ = {
			isa = PBXContainerItemProxy;
			containerPortal = D2CB91E52997F32300530031 /* Project object */;
			proxyType = 1;
			remoteGlobalIDString = D2CB91EC2997F32300530031;
			remoteInfo = "weather-app";
		};
/* End PBXContainerItemProxy section */

/* Begin PBXFileReference section */
		0EF963A5DD06AC0C5AC98BDE /* Pods-Weather-app-Weather-appUITests.debug.xcconfig */ = {isa = PBXFileReference; includeInIndex = 1; lastKnownFileType = text.xcconfig; name = "Pods-Weather-app-Weather-appUITests.debug.xcconfig"; path = "Target Support Files/Pods-Weather-app-Weather-appUITests/Pods-Weather-app-Weather-appUITests.debug.xcconfig"; sourceTree = "<group>"; };
		231D734B92132A756DA9EFC3 /* Pods-weather-app-weather-appUITests.debug.xcconfig */ = {isa = PBXFileReference; includeInIndex = 1; lastKnownFileType = text.xcconfig; name = "Pods-weather-app-weather-appUITests.debug.xcconfig"; path = "Target Support Files/Pods-weather-app-weather-appUITests/Pods-weather-app-weather-appUITests.debug.xcconfig"; sourceTree = "<group>"; };
		654B357C974C1869E9D463C6 /* Pods-weather-app.release.xcconfig */ = {isa = PBXFileReference; includeInIndex = 1; lastKnownFileType = text.xcconfig; name = "Pods-weather-app.release.xcconfig"; path = "Target Support Files/Pods-weather-app/Pods-weather-app.release.xcconfig"; sourceTree = "<group>"; };
		65B1310CB0AFCC53E2A4A61E /* Pods-Weather-app.debug.xcconfig */ = {isa = PBXFileReference; includeInIndex = 1; lastKnownFileType = text.xcconfig; name = "Pods-Weather-app.debug.xcconfig"; path = "Target Support Files/Pods-Weather-app/Pods-Weather-app.debug.xcconfig"; sourceTree = "<group>"; };
		6782E4060802DC5EDB6FFC43 /* Pods-weather-app.debug.xcconfig */ = {isa = PBXFileReference; includeInIndex = 1; lastKnownFileType = text.xcconfig; name = "Pods-weather-app.debug.xcconfig"; path = "Target Support Files/Pods-weather-app/Pods-weather-app.debug.xcconfig"; sourceTree = "<group>"; };
		79811CD20CCBADE04587C66D /* Pods_weather_app.framework */ = {isa = PBXFileReference; explicitFileType = wrapper.framework; includeInIndex = 0; path = Pods_weather_app.framework; sourceTree = BUILT_PRODUCTS_DIR; };
		A9B55752834900532CCB6257 /* Pods-Weather-appTests.debug.xcconfig */ = {isa = PBXFileReference; includeInIndex = 1; lastKnownFileType = text.xcconfig; name = "Pods-Weather-appTests.debug.xcconfig"; path = "Target Support Files/Pods-Weather-appTests/Pods-Weather-appTests.debug.xcconfig"; sourceTree = "<group>"; };
		AF5F0D8BAF0075EC0DB4B755 /* Pods-weather-app-weather-appUITests.release.xcconfig */ = {isa = PBXFileReference; includeInIndex = 1; lastKnownFileType = text.xcconfig; name = "Pods-weather-app-weather-appUITests.release.xcconfig"; path = "Target Support Files/Pods-weather-app-weather-appUITests/Pods-weather-app-weather-appUITests.release.xcconfig"; sourceTree = "<group>"; };
		BE8FAE291645F06B6642F7BC /* Pods-Weather-app.release.xcconfig */ = {isa = PBXFileReference; includeInIndex = 1; lastKnownFileType = text.xcconfig; name = "Pods-Weather-app.release.xcconfig"; path = "Target Support Files/Pods-Weather-app/Pods-Weather-app.release.xcconfig"; sourceTree = "<group>"; };
		C0FDAC45A94485DD5BA16B37 /* Pods_Weather_appTests.framework */ = {isa = PBXFileReference; explicitFileType = wrapper.framework; includeInIndex = 0; path = Pods_Weather_appTests.framework; sourceTree = BUILT_PRODUCTS_DIR; };
		D20D72262998262100D92419 /* WeatherData.swift */ = {isa = PBXFileReference; lastKnownFileType = sourcecode.swift; path = WeatherData.swift; sourceTree = "<group>"; };
		D20D722B2998287B00D92419 /* WeatherManager.swift */ = {isa = PBXFileReference; lastKnownFileType = sourcecode.swift; path = WeatherManager.swift; sourceTree = "<group>"; };
		D2108D0F299D624800053324 /* AccessibilityIdentifiers.swift */ = {isa = PBXFileReference; lastKnownFileType = sourcecode.swift; path = AccessibilityIdentifiers.swift; sourceTree = "<group>"; };
		D22C95E5299ACEBC0041E5D7 /* WeatherDataFailure.swift */ = {isa = PBXFileReference; lastKnownFileType = sourcecode.swift; path = WeatherDataFailure.swift; sourceTree = "<group>"; };
		D244D85629A13EBD00057498 /* weather-appUITests.xctest */ = {isa = PBXFileReference; explicitFileType = wrapper.cfbundle; includeInIndex = 0; path = "weather-appUITests.xctest"; sourceTree = BUILT_PRODUCTS_DIR; };
		D244D85829A13EBD00057498 /* AddLocationTests.swift */ = {isa = PBXFileReference; lastKnownFileType = sourcecode.swift; path = AddLocationTests.swift; sourceTree = "<group>"; };
		D244D85A29A13EBD00057498 /* Info.plist */ = {isa = PBXFileReference; lastKnownFileType = text.plist.xml; path = Info.plist; sourceTree = "<group>"; };
		D27375E629A368E1000B5DC6 /* BaseElement.swift */ = {isa = PBXFileReference; lastKnownFileType = sourcecode.swift; path = BaseElement.swift; sourceTree = "<group>"; };
		D27375EA29A39224000B5DC6 /* Button.swift */ = {isa = PBXFileReference; lastKnownFileType = sourcecode.swift; path = Button.swift; sourceTree = "<group>"; };
		D27375EE29A39263000B5DC6 /* TextField.swift */ = {isa = PBXFileReference; lastKnownFileType = sourcecode.swift; path = TextField.swift; sourceTree = "<group>"; };
		D27375F229A3928A000B5DC6 /* LocationAlert.swift */ = {isa = PBXFileReference; lastKnownFileType = sourcecode.swift; path = LocationAlert.swift; sourceTree = "<group>"; };
		D27375F629A39396000B5DC6 /* Alert.swift */ = {isa = PBXFileReference; lastKnownFileType = sourcecode.swift; path = Alert.swift; sourceTree = "<group>"; };
		D27375FA29A393FE000B5DC6 /* Label.swift */ = {isa = PBXFileReference; lastKnownFileType = sourcecode.swift; path = Label.swift; sourceTree = "<group>"; };
		D27375FE29A3C517000B5DC6 /* Title.swift */ = {isa = PBXFileReference; lastKnownFileType = sourcecode.swift; path = Title.swift; sourceTree = "<group>"; };
		D273760229A3C9C5000B5DC6 /* Image.swift */ = {isa = PBXFileReference; lastKnownFileType = sourcecode.swift; path = Image.swift; sourceTree = "<group>"; };
		D273760629A3CC9D000B5DC6 /* ReturnProtocol.swift */ = {isa = PBXFileReference; lastKnownFileType = sourcecode.swift; path = ReturnProtocol.swift; sourceTree = "<group>"; };
		D27EB93C299A36CD008A769E /* AddCityViewController.swift */ = {isa = PBXFileReference; lastKnownFileType = sourcecode.swift; path = AddCityViewController.swift; sourceTree = "<group>"; };
		D27EB949299A3DF1008A769E /* IntExtensions.swift */ = {isa = PBXFileReference; lastKnownFileType = sourcecode.swift; path = IntExtensions.swift; sourceTree = "<group>"; };
		D28DB51829A10D8F00BA2AEC /* CacheManager.swift */ = {isa = PBXFileReference; lastKnownFileType = sourcecode.swift; path = CacheManager.swift; sourceTree = "<group>"; };
		D2CB91ED2997F32300530031 /* weather-app.app */ = {isa = PBXFileReference; explicitFileType = wrapper.application; includeInIndex = 0; path = "weather-app.app"; sourceTree = BUILT_PRODUCTS_DIR; };
		D2CB91F02997F32300530031 /* AppDelegate.swift */ = {isa = PBXFileReference; lastKnownFileType = sourcecode.swift; path = AppDelegate.swift; sourceTree = "<group>"; };
		D2CB91F22997F32300530031 /* SceneDelegate.swift */ = {isa = PBXFileReference; lastKnownFileType = sourcecode.swift; path = SceneDelegate.swift; sourceTree = "<group>"; };
		D2CB91F42997F32300530031 /* WeatherViewController.swift */ = {isa = PBXFileReference; lastKnownFileType = sourcecode.swift; path = WeatherViewController.swift; sourceTree = "<group>"; };
		D2CB91F72997F32300530031 /* Base */ = {isa = PBXFileReference; lastKnownFileType = file.storyboard; name = Base; path = Base.lproj/Main.storyboard; sourceTree = "<group>"; };
		D2CB91F92997F32600530031 /* Assets.xcassets */ = {isa = PBXFileReference; lastKnownFileType = folder.assetcatalog; path = Assets.xcassets; sourceTree = "<group>"; };
		D2CB91FC2997F32600530031 /* Base */ = {isa = PBXFileReference; lastKnownFileType = file.storyboard; name = Base; path = Base.lproj/LaunchScreen.storyboard; sourceTree = "<group>"; };
		D2CB91FE2997F32600530031 /* Info.plist */ = {isa = PBXFileReference; lastKnownFileType = text.plist.xml; path = Info.plist; sourceTree = "<group>"; };
		D2D5CF40299D482A007CCF0E /* CustomLocation.gpx */ = {isa = PBXFileReference; lastKnownFileType = text.xml; path = CustomLocation.gpx; sourceTree = "<group>"; };
		D2F68F33299978990038CC75 /* DoubleExtensions.swift */ = {isa = PBXFileReference; lastKnownFileType = sourcecode.swift; path = DoubleExtensions.swift; sourceTree = "<group>"; };
		D2F9130F29A24BDE008C7C7C /* BaseScreen.swift */ = {isa = PBXFileReference; lastKnownFileType = sourcecode.swift; path = BaseScreen.swift; sourceTree = "<group>"; };
		D2F9131629A24DCE008C7C7C /* BaseTest.swift */ = {isa = PBXFileReference; lastKnownFileType = sourcecode.swift; path = BaseTest.swift; sourceTree = "<group>"; };
		D2F9131E29A25344008C7C7C /* AddCityScreen.swift */ = {isa = PBXFileReference; lastKnownFileType = sourcecode.swift; path = AddCityScreen.swift; sourceTree = "<group>"; };
		D2F9132229A25367008C7C7C /* WeatherViewScreen.swift */ = {isa = PBXFileReference; lastKnownFileType = sourcecode.swift; path = WeatherViewScreen.swift; sourceTree = "<group>"; };
		D4AF89FECBE27B74CCE355BE /* Pods-Weather-appTests.release.xcconfig */ = {isa = PBXFileReference; includeInIndex = 1; lastKnownFileType = text.xcconfig; name = "Pods-Weather-appTests.release.xcconfig"; path = "Target Support Files/Pods-Weather-appTests/Pods-Weather-appTests.release.xcconfig"; sourceTree = "<group>"; };
		DD27235D2F376B2D547FD0AC /* Pods_Weather_app_Weather_appUITests.framework */ = {isa = PBXFileReference; explicitFileType = wrapper.framework; includeInIndex = 0; path = Pods_Weather_app_Weather_appUITests.framework; sourceTree = BUILT_PRODUCTS_DIR; };
		E50C0F78470828C6EBB24A05 /* Pods_weather_app_weather_appUITests.framework */ = {isa = PBXFileReference; explicitFileType = wrapper.framework; includeInIndex = 0; path = Pods_weather_app_weather_appUITests.framework; sourceTree = BUILT_PRODUCTS_DIR; };
		EB07F52A6DB764E8C4E68337 /* Pods-Weather-app-Weather-appUITests.release.xcconfig */ = {isa = PBXFileReference; includeInIndex = 1; lastKnownFileType = text.xcconfig; name = "Pods-Weather-app-Weather-appUITests.release.xcconfig"; path = "Target Support Files/Pods-Weather-app-Weather-appUITests/Pods-Weather-app-Weather-appUITests.release.xcconfig"; sourceTree = "<group>"; };
/* End PBXFileReference section */

/* Begin PBXFrameworksBuildPhase section */
		D244D85329A13EBD00057498 /* Frameworks */ = {
			isa = PBXFrameworksBuildPhase;
			buildActionMask = 2147483647;
			files = (
				C0A4B3DEF86500D51E61057C /* Pods_weather_app_weather_appUITests.framework in Frameworks */,
			);
			runOnlyForDeploymentPostprocessing = 0;
		};
		D2CB91EA2997F32300530031 /* Frameworks */ = {
			isa = PBXFrameworksBuildPhase;
			buildActionMask = 2147483647;
			files = (
				48775EE22787E99990443075 /* Pods_weather_app.framework in Frameworks */,
			);
			runOnlyForDeploymentPostprocessing = 0;
		};
/* End PBXFrameworksBuildPhase section */

/* Begin PBXGroup section */
		2815C4DCA582FFECB1205F81 /* Pods */ = {
			isa = PBXGroup;
			children = (
				65B1310CB0AFCC53E2A4A61E /* Pods-Weather-app.debug.xcconfig */,
				BE8FAE291645F06B6642F7BC /* Pods-Weather-app.release.xcconfig */,
				0EF963A5DD06AC0C5AC98BDE /* Pods-Weather-app-Weather-appUITests.debug.xcconfig */,
				EB07F52A6DB764E8C4E68337 /* Pods-Weather-app-Weather-appUITests.release.xcconfig */,
				A9B55752834900532CCB6257 /* Pods-Weather-appTests.debug.xcconfig */,
				D4AF89FECBE27B74CCE355BE /* Pods-Weather-appTests.release.xcconfig */,
				6782E4060802DC5EDB6FFC43 /* Pods-weather-app.debug.xcconfig */,
				654B357C974C1869E9D463C6 /* Pods-weather-app.release.xcconfig */,
				231D734B92132A756DA9EFC3 /* Pods-weather-app-weather-appUITests.debug.xcconfig */,
				AF5F0D8BAF0075EC0DB4B755 /* Pods-weather-app-weather-appUITests.release.xcconfig */,
			);
			path = Pods;
			sourceTree = "<group>";
		};
		ADA2F1F57C2B7C432FB50933 /* Frameworks */ = {
			isa = PBXGroup;
			children = (
				DD27235D2F376B2D547FD0AC /* Pods_Weather_app_Weather_appUITests.framework */,
				C0FDAC45A94485DD5BA16B37 /* Pods_Weather_appTests.framework */,
				79811CD20CCBADE04587C66D /* Pods_weather_app.framework */,
				E50C0F78470828C6EBB24A05 /* Pods_weather_app_weather_appUITests.framework */,
			);
			name = Frameworks;
			sourceTree = "<group>";
		};
		D20D7224299825D000D92419 /* manager */ = {
			isa = PBXGroup;
			children = (
				D20D722B2998287B00D92419 /* WeatherManager.swift */,
				D28DB51829A10D8F00BA2AEC /* CacheManager.swift */,
			);
			path = manager;
			sourceTree = "<group>";
		};
		D20D7225299825E900D92419 /* model */ = {
			isa = PBXGroup;
			children = (
				D20D72262998262100D92419 /* WeatherData.swift */,
				D22C95E5299ACEBC0041E5D7 /* WeatherDataFailure.swift */,
				D2108D0F299D624800053324 /* AccessibilityIdentifiers.swift */,
			);
			path = model;
			sourceTree = "<group>";
		};
		D244D85729A13EBD00057498 /* weather-appUITests */ = {
			isa = PBXGroup;
			children = (
				D2BD14AE29A2DFDA00B56457 /* Utils */,
				D2F9130E29A24B6F008C7C7C /* Screens */,
				D2F9131529A24DA0008C7C7C /* Tests */,
				D27375E329A367BD000B5DC6 /* UIObjects */,
				D244D85A29A13EBD00057498 /* Info.plist */,
			);
			path = "weather-appUITests";
			sourceTree = "<group>";
		};
		D27375E329A367BD000B5DC6 /* UIObjects */ = {
			isa = PBXGroup;
			children = (
				D27375E629A368E1000B5DC6 /* BaseElement.swift */,
				D27375EA29A39224000B5DC6 /* Button.swift */,
				D27375EE29A39263000B5DC6 /* TextField.swift */,
				D27375F229A3928A000B5DC6 /* LocationAlert.swift */,
				D27375F629A39396000B5DC6 /* Alert.swift */,
				D27375FA29A393FE000B5DC6 /* Label.swift */,
				D27375FE29A3C517000B5DC6 /* Title.swift */,
				D273760229A3C9C5000B5DC6 /* Image.swift */,
			);
			path = UIObjects;
			sourceTree = "<group>";
		};
		D27EB93B299A369B008A769E /* controller */ = {
			isa = PBXGroup;
			children = (
				D2CB91F42997F32300530031 /* WeatherViewController.swift */,
				D27EB93C299A36CD008A769E /* AddCityViewController.swift */,
			);
			path = controller;
			sourceTree = "<group>";
		};
		D2BD14AE29A2DFDA00B56457 /* Utils */ = {
			isa = PBXGroup;
			children = (
				D273760629A3CC9D000B5DC6 /* ReturnProtocol.swift */,
			);
			path = Utils;
			sourceTree = "<group>";
		};
		D2CB91E42997F32300530031 = {
			isa = PBXGroup;
			children = (
				D2D5CF40299D482A007CCF0E /* CustomLocation.gpx */,
				D2CB91EF2997F32300530031 /* weather-app */,
				D244D85729A13EBD00057498 /* weather-appUITests */,
				D2CB91EE2997F32300530031 /* Products */,
				2815C4DCA582FFECB1205F81 /* Pods */,
				ADA2F1F57C2B7C432FB50933 /* Frameworks */,
			);
			sourceTree = "<group>";
		};
		D2CB91EE2997F32300530031 /* Products */ = {
			isa = PBXGroup;
			children = (
				D2CB91ED2997F32300530031 /* weather-app.app */,
				D244D85629A13EBD00057498 /* weather-appUITests.xctest */,
			);
			name = Products;
			sourceTree = "<group>";
		};
		D2CB91EF2997F32300530031 /* weather-app */ = {
			isa = PBXGroup;
			children = (
				D27EB93B299A369B008A769E /* controller */,
				D2F68F322999786C0038CC75 /* extension */,
				D20D7225299825E900D92419 /* model */,
				D20D7224299825D000D92419 /* manager */,
				D2CB91F02997F32300530031 /* AppDelegate.swift */,
				D2CB91F22997F32300530031 /* SceneDelegate.swift */,
				D2CB91F62997F32300530031 /* Main.storyboard */,
				D2CB91F92997F32600530031 /* Assets.xcassets */,
				D2CB91FB2997F32600530031 /* LaunchScreen.storyboard */,
				D2CB91FE2997F32600530031 /* Info.plist */,
			);
			path = "weather-app";
			sourceTree = "<group>";
		};
		D2F68F322999786C0038CC75 /* extension */ = {
			isa = PBXGroup;
			children = (
				D2F68F33299978990038CC75 /* DoubleExtensions.swift */,
				D27EB949299A3DF1008A769E /* IntExtensions.swift */,
			);
			path = extension;
			sourceTree = "<group>";
		};
		D2F9130E29A24B6F008C7C7C /* Screens */ = {
			isa = PBXGroup;
			children = (
				D2F9130F29A24BDE008C7C7C /* BaseScreen.swift */,
				D2F9131E29A25344008C7C7C /* AddCityScreen.swift */,
				D2F9132229A25367008C7C7C /* WeatherViewScreen.swift */,
			);
			path = Screens;
			sourceTree = "<group>";
		};
		D2F9131529A24DA0008C7C7C /* Tests */ = {
			isa = PBXGroup;
			children = (
				D244D85829A13EBD00057498 /* AddLocationTests.swift */,
				D2F9131629A24DCE008C7C7C /* BaseTest.swift */,
			);
			path = Tests;
			sourceTree = "<group>";
		};
/* End PBXGroup section */

/* Begin PBXNativeTarget section */
		D244D85529A13EBD00057498 /* weather-appUITests */ = {
			isa = PBXNativeTarget;
			buildConfigurationList = D244D85D29A13EBD00057498 /* Build configuration list for PBXNativeTarget "weather-appUITests" */;
			buildPhases = (
				64F3C03AFEE2E20103378DA5 /* [CP] Check Pods Manifest.lock */,
				D244D85229A13EBD00057498 /* Sources */,
				D244D85329A13EBD00057498 /* Frameworks */,
				D244D85429A13EBD00057498 /* Resources */,
				C548B1904461D68CF087EE7F /* [CP] Embed Pods Frameworks */,
			);
			buildRules = (
			);
			dependencies = (
				D244D85C29A13EBD00057498 /* PBXTargetDependency */,
			);
			name = "weather-appUITests";
			productName = "weather-appUITests";
			productReference = D244D85629A13EBD00057498 /* weather-appUITests.xctest */;
			productType = "com.apple.product-type.bundle.ui-testing";
		};
		D2CB91EC2997F32300530031 /* weather-app */ = {
			isa = PBXNativeTarget;
			buildConfigurationList = D2CB92172997F32700530031 /* Build configuration list for PBXNativeTarget "weather-app" */;
			buildPhases = (
				D215A06A0D662F27BEA0D558 /* [CP] Check Pods Manifest.lock */,
				D2CB91E92997F32300530031 /* Sources */,
				D2CB91EA2997F32300530031 /* Frameworks */,
				D2CB91EB2997F32300530031 /* Resources */,
				0038CA223D0E29D21B38E339 /* [CP] Embed Pods Frameworks */,
			);
			buildRules = (
			);
			dependencies = (
			);
			name = "weather-app";
			productName = "Weather-app";
			productReference = D2CB91ED2997F32300530031 /* weather-app.app */;
			productType = "com.apple.product-type.application";
		};
/* End PBXNativeTarget section */

/* Begin PBXProject section */
		D2CB91E52997F32300530031 /* Project object */ = {
			isa = PBXProject;
			attributes = {
				LastSwiftUpdateCheck = 1240;
				LastUpgradeCheck = 1240;
				TargetAttributes = {
					D244D85529A13EBD00057498 = {
						CreatedOnToolsVersion = 12.4;
						TestTargetID = D2CB91EC2997F32300530031;
					};
					D2CB91EC2997F32300530031 = {
						CreatedOnToolsVersion = 12.4;
					};
				};
			};
			buildConfigurationList = D2CB91E82997F32300530031 /* Build configuration list for PBXProject "weather-app" */;
			compatibilityVersion = "Xcode 9.3";
			developmentRegion = en;
			hasScannedForEncodings = 0;
			knownRegions = (
				en,
				Base,
			);
			mainGroup = D2CB91E42997F32300530031;
			productRefGroup = D2CB91EE2997F32300530031 /* Products */;
			projectDirPath = "";
			projectRoot = "";
			targets = (
				D2CB91EC2997F32300530031 /* weather-app */,
				D244D85529A13EBD00057498 /* weather-appUITests */,
			);
		};
/* End PBXProject section */

/* Begin PBXResourcesBuildPhase section */
		D244D85429A13EBD00057498 /* Resources */ = {
			isa = PBXResourcesBuildPhase;
			buildActionMask = 2147483647;
			files = (
			);
			runOnlyForDeploymentPostprocessing = 0;
		};
		D2CB91EB2997F32300530031 /* Resources */ = {
			isa = PBXResourcesBuildPhase;
			buildActionMask = 2147483647;
			files = (
				D2CB91FD2997F32600530031 /* LaunchScreen.storyboard in Resources */,
				D2CB91FA2997F32600530031 /* Assets.xcassets in Resources */,
				D2CB91F82997F32300530031 /* Main.storyboard in Resources */,
			);
			runOnlyForDeploymentPostprocessing = 0;
		};
/* End PBXResourcesBuildPhase section */

/* Begin PBXShellScriptBuildPhase section */
		0038CA223D0E29D21B38E339 /* [CP] Embed Pods Frameworks */ = {
			isa = PBXShellScriptBuildPhase;
			buildActionMask = 2147483647;
			files = (
			);
			inputFileListPaths = (
				"${PODS_ROOT}/Target Support Files/Pods-weather-app/Pods-weather-app-frameworks-${CONFIGURATION}-input-files.xcfilelist",
			);
			name = "[CP] Embed Pods Frameworks";
			outputFileListPaths = (
				"${PODS_ROOT}/Target Support Files/Pods-weather-app/Pods-weather-app-frameworks-${CONFIGURATION}-output-files.xcfilelist",
			);
			runOnlyForDeploymentPostprocessing = 0;
			shellPath = /bin/sh;
			shellScript = "\"${PODS_ROOT}/Target Support Files/Pods-weather-app/Pods-weather-app-frameworks.sh\"\n";
			showEnvVarsInLog = 0;
		};
		64F3C03AFEE2E20103378DA5 /* [CP] Check Pods Manifest.lock */ = {
			isa = PBXShellScriptBuildPhase;
			buildActionMask = 2147483647;
			files = (
			);
			inputFileListPaths = (
			);
			inputPaths = (
				"${PODS_PODFILE_DIR_PATH}/Podfile.lock",
				"${PODS_ROOT}/Manifest.lock",
			);
			name = "[CP] Check Pods Manifest.lock";
			outputFileListPaths = (
			);
			outputPaths = (
				"$(DERIVED_FILE_DIR)/Pods-weather-app-weather-appUITests-checkManifestLockResult.txt",
			);
			runOnlyForDeploymentPostprocessing = 0;
			shellPath = /bin/sh;
			shellScript = "diff \"${PODS_PODFILE_DIR_PATH}/Podfile.lock\" \"${PODS_ROOT}/Manifest.lock\" > /dev/null\nif [ $? != 0 ] ; then\n    # print error to STDERR\n    echo \"error: The sandbox is not in sync with the Podfile.lock. Run 'pod install' or update your CocoaPods installation.\" >&2\n    exit 1\nfi\n# This output is used by Xcode 'outputs' to avoid re-running this script phase.\necho \"SUCCESS\" > \"${SCRIPT_OUTPUT_FILE_0}\"\n";
			showEnvVarsInLog = 0;
		};
		C548B1904461D68CF087EE7F /* [CP] Embed Pods Frameworks */ = {
			isa = PBXShellScriptBuildPhase;
			buildActionMask = 2147483647;
			files = (
			);
			inputFileListPaths = (
				"${PODS_ROOT}/Target Support Files/Pods-weather-app-weather-appUITests/Pods-weather-app-weather-appUITests-frameworks-${CONFIGURATION}-input-files.xcfilelist",
			);
			name = "[CP] Embed Pods Frameworks";
			outputFileListPaths = (
				"${PODS_ROOT}/Target Support Files/Pods-weather-app-weather-appUITests/Pods-weather-app-weather-appUITests-frameworks-${CONFIGURATION}-output-files.xcfilelist",
			);
			runOnlyForDeploymentPostprocessing = 0;
			shellPath = /bin/sh;
			shellScript = "\"${PODS_ROOT}/Target Support Files/Pods-weather-app-weather-appUITests/Pods-weather-app-weather-appUITests-frameworks.sh\"\n";
			showEnvVarsInLog = 0;
		};
		D215A06A0D662F27BEA0D558 /* [CP] Check Pods Manifest.lock */ = {
			isa = PBXShellScriptBuildPhase;
			buildActionMask = 2147483647;
			files = (
			);
			inputFileListPaths = (
			);
			inputPaths = (
				"${PODS_PODFILE_DIR_PATH}/Podfile.lock",
				"${PODS_ROOT}/Manifest.lock",
			);
			name = "[CP] Check Pods Manifest.lock";
			outputFileListPaths = (
			);
			outputPaths = (
				"$(DERIVED_FILE_DIR)/Pods-weather-app-checkManifestLockResult.txt",
			);
			runOnlyForDeploymentPostprocessing = 0;
			shellPath = /bin/sh;
			shellScript = "diff \"${PODS_PODFILE_DIR_PATH}/Podfile.lock\" \"${PODS_ROOT}/Manifest.lock\" > /dev/null\nif [ $? != 0 ] ; then\n    # print error to STDERR\n    echo \"error: The sandbox is not in sync with the Podfile.lock. Run 'pod install' or update your CocoaPods installation.\" >&2\n    exit 1\nfi\n# This output is used by Xcode 'outputs' to avoid re-running this script phase.\necho \"SUCCESS\" > \"${SCRIPT_OUTPUT_FILE_0}\"\n";
			showEnvVarsInLog = 0;
		};
/* End PBXShellScriptBuildPhase section */

/* Begin PBXSourcesBuildPhase section */
		D244D85229A13EBD00057498 /* Sources */ = {
			isa = PBXSourcesBuildPhase;
			buildActionMask = 2147483647;
			files = (
				D27375EB29A39224000B5DC6 /* Button.swift in Sources */,
				D2F9131F29A25344008C7C7C /* AddCityScreen.swift in Sources */,
				D27375E729A368E1000B5DC6 /* BaseElement.swift in Sources */,
				D27375EF29A39263000B5DC6 /* TextField.swift in Sources */,
				D27375FF29A3C517000B5DC6 /* Title.swift in Sources */,
				D27375FB29A393FE000B5DC6 /* Label.swift in Sources */,
				D273760329A3C9C5000B5DC6 /* Image.swift in Sources */,
				D2F9131029A24BDE008C7C7C /* BaseScreen.swift in Sources */,
				D2F9132329A25367008C7C7C /* WeatherViewScreen.swift in Sources */,
				D273760729A3CC9D000B5DC6 /* ReturnProtocol.swift in Sources */,
				D2F9131729A24DCE008C7C7C /* BaseTest.swift in Sources */,
				D244D85929A13EBD00057498 /* AddLocationTests.swift in Sources */,
				D27375F729A39396000B5DC6 /* Alert.swift in Sources */,
				D27375F329A3928A000B5DC6 /* LocationAlert.swift in Sources */,
			);
			runOnlyForDeploymentPostprocessing = 0;
		};
		D2CB91E92997F32300530031 /* Sources */ = {
			isa = PBXSourcesBuildPhase;
			buildActionMask = 2147483647;
			files = (
				D2CB91F52997F32300530031 /* WeatherViewController.swift in Sources */,
				D27EB94A299A3DF1008A769E /* IntExtensions.swift in Sources */,
				D22C95E6299ACEBC0041E5D7 /* WeatherDataFailure.swift in Sources */,
				D27EB93D299A36CD008A769E /* AddCityViewController.swift in Sources */,
				D2CB91F12997F32300530031 /* AppDelegate.swift in Sources */,
				D20D722C2998287B00D92419 /* WeatherManager.swift in Sources */,
				D28DB51929A10D8F00BA2AEC /* CacheManager.swift in Sources */,
				D20D72272998262100D92419 /* WeatherData.swift in Sources */,
				D2108D10299D624800053324 /* AccessibilityIdentifiers.swift in Sources */,
				D2F68F34299978990038CC75 /* DoubleExtensions.swift in Sources */,
				D2CB91F32997F32300530031 /* SceneDelegate.swift in Sources */,
			);
			runOnlyForDeploymentPostprocessing = 0;
		};
/* End PBXSourcesBuildPhase section */

/* Begin PBXTargetDependency section */
		D244D85C29A13EBD00057498 /* PBXTargetDependency */ = {
			isa = PBXTargetDependency;
			target = D2CB91EC2997F32300530031 /* weather-app */;
			targetProxy = D244D85B29A13EBD00057498 /* PBXContainerItemProxy */;
		};
/* End PBXTargetDependency section */

/* Begin PBXVariantGroup section */
		D2CB91F62997F32300530031 /* Main.storyboard */ = {
			isa = PBXVariantGroup;
			children = (
				D2CB91F72997F32300530031 /* Base */,
			);
			name = Main.storyboard;
			sourceTree = "<group>";
		};
		D2CB91FB2997F32600530031 /* LaunchScreen.storyboard */ = {
			isa = PBXVariantGroup;
			children = (
				D2CB91FC2997F32600530031 /* Base */,
			);
			name = LaunchScreen.storyboard;
			sourceTree = "<group>";
		};
/* End PBXVariantGroup section */

/* Begin XCBuildConfiguration section */
		D244D85E29A13EBD00057498 /* Debug */ = {
			isa = XCBuildConfiguration;
			baseConfigurationReference = 231D734B92132A756DA9EFC3 /* Pods-weather-app-weather-appUITests.debug.xcconfig */;
			buildSettings = {
				CODE_SIGN_STYLE = Automatic;
				INFOPLIST_FILE = "weather-appUITests/Info.plist";
				LD_RUNPATH_SEARCH_PATHS = (
					"$(inherited)",
					"@executable_path/Frameworks",
					"@loader_path/Frameworks",
				);
				PRODUCT_BUNDLE_IDENTIFIER = "Wera-Stremedlowska.weather-appUITests";
				PRODUCT_NAME = "$(TARGET_NAME)";
				SWIFT_VERSION = 5.0;
				TARGETED_DEVICE_FAMILY = "1,2";
				TEST_TARGET_NAME = "weather-app";
			};
			name = Debug;
		};
		D244D85F29A13EBD00057498 /* Release */ = {
			isa = XCBuildConfiguration;
			baseConfigurationReference = AF5F0D8BAF0075EC0DB4B755 /* Pods-weather-app-weather-appUITests.release.xcconfig */;
			buildSettings = {
				CODE_SIGN_STYLE = Automatic;
				INFOPLIST_FILE = "weather-appUITests/Info.plist";
				LD_RUNPATH_SEARCH_PATHS = (
					"$(inherited)",
					"@executable_path/Frameworks",
					"@loader_path/Frameworks",
				);
				PRODUCT_BUNDLE_IDENTIFIER = "Wera-Stremedlowska.weather-appUITests";
				PRODUCT_NAME = "$(TARGET_NAME)";
				SWIFT_VERSION = 5.0;
				TARGETED_DEVICE_FAMILY = "1,2";
				TEST_TARGET_NAME = "weather-app";
			};
			name = Release;
		};
		D2CB92152997F32700530031 /* Debug */ = {
			isa = XCBuildConfiguration;
			buildSettings = {
				ALWAYS_SEARCH_USER_PATHS = NO;
				CLANG_ANALYZER_NONNULL = YES;
				CLANG_ANALYZER_NUMBER_OBJECT_CONVERSION = YES_AGGRESSIVE;
				CLANG_CXX_LANGUAGE_STANDARD = "gnu++14";
				CLANG_CXX_LIBRARY = "libc++";
				CLANG_ENABLE_MODULES = YES;
				CLANG_ENABLE_OBJC_ARC = YES;
				CLANG_ENABLE_OBJC_WEAK = YES;
				CLANG_WARN_BLOCK_CAPTURE_AUTORELEASING = YES;
				CLANG_WARN_BOOL_CONVERSION = YES;
				CLANG_WARN_COMMA = YES;
				CLANG_WARN_CONSTANT_CONVERSION = YES;
				CLANG_WARN_DEPRECATED_OBJC_IMPLEMENTATIONS = YES;
				CLANG_WARN_DIRECT_OBJC_ISA_USAGE = YES_ERROR;
				CLANG_WARN_DOCUMENTATION_COMMENTS = YES;
				CLANG_WARN_EMPTY_BODY = YES;
				CLANG_WARN_ENUM_CONVERSION = YES;
				CLANG_WARN_INFINITE_RECURSION = YES;
				CLANG_WARN_INT_CONVERSION = YES;
				CLANG_WARN_NON_LITERAL_NULL_CONVERSION = YES;
				CLANG_WARN_OBJC_IMPLICIT_RETAIN_SELF = YES;
				CLANG_WARN_OBJC_LITERAL_CONVERSION = YES;
				CLANG_WARN_OBJC_ROOT_CLASS = YES_ERROR;
				CLANG_WARN_QUOTED_INCLUDE_IN_FRAMEWORK_HEADER = YES;
				CLANG_WARN_RANGE_LOOP_ANALYSIS = YES;
				CLANG_WARN_STRICT_PROTOTYPES = YES;
				CLANG_WARN_SUSPICIOUS_MOVE = YES;
				CLANG_WARN_UNGUARDED_AVAILABILITY = YES_AGGRESSIVE;
				CLANG_WARN_UNREACHABLE_CODE = YES;
				CLANG_WARN__DUPLICATE_METHOD_MATCH = YES;
				COPY_PHASE_STRIP = NO;
				DEBUG_INFORMATION_FORMAT = dwarf;
				ENABLE_STRICT_OBJC_MSGSEND = YES;
				ENABLE_TESTABILITY = YES;
				GCC_C_LANGUAGE_STANDARD = gnu11;
				GCC_DYNAMIC_NO_PIC = NO;
				GCC_NO_COMMON_BLOCKS = YES;
				GCC_OPTIMIZATION_LEVEL = 0;
				GCC_PREPROCESSOR_DEFINITIONS = (
					"DEBUG=1",
					"$(inherited)",
				);
				GCC_WARN_64_TO_32_BIT_CONVERSION = YES;
				GCC_WARN_ABOUT_RETURN_TYPE = YES_ERROR;
				GCC_WARN_UNDECLARED_SELECTOR = YES;
				GCC_WARN_UNINITIALIZED_AUTOS = YES_AGGRESSIVE;
				GCC_WARN_UNUSED_FUNCTION = YES;
				GCC_WARN_UNUSED_VARIABLE = YES;
				IPHONEOS_DEPLOYMENT_TARGET = 14.4;
				MTL_ENABLE_DEBUG_INFO = INCLUDE_SOURCE;
				MTL_FAST_MATH = YES;
				ONLY_ACTIVE_ARCH = YES;
				SDKROOT = iphoneos;
				SWIFT_ACTIVE_COMPILATION_CONDITIONS = DEBUG;
				SWIFT_OPTIMIZATION_LEVEL = "-Onone";
			};
			name = Debug;
		};
		D2CB92162997F32700530031 /* Release */ = {
			isa = XCBuildConfiguration;
			buildSettings = {
				ALWAYS_SEARCH_USER_PATHS = NO;
				CLANG_ANALYZER_NONNULL = YES;
				CLANG_ANALYZER_NUMBER_OBJECT_CONVERSION = YES_AGGRESSIVE;
				CLANG_CXX_LANGUAGE_STANDARD = "gnu++14";
				CLANG_CXX_LIBRARY = "libc++";
				CLANG_ENABLE_MODULES = YES;
				CLANG_ENABLE_OBJC_ARC = YES;
				CLANG_ENABLE_OBJC_WEAK = YES;
				CLANG_WARN_BLOCK_CAPTURE_AUTORELEASING = YES;
				CLANG_WARN_BOOL_CONVERSION = YES;
				CLANG_WARN_COMMA = YES;
				CLANG_WARN_CONSTANT_CONVERSION = YES;
				CLANG_WARN_DEPRECATED_OBJC_IMPLEMENTATIONS = YES;
				CLANG_WARN_DIRECT_OBJC_ISA_USAGE = YES_ERROR;
				CLANG_WARN_DOCUMENTATION_COMMENTS = YES;
				CLANG_WARN_EMPTY_BODY = YES;
				CLANG_WARN_ENUM_CONVERSION = YES;
				CLANG_WARN_INFINITE_RECURSION = YES;
				CLANG_WARN_INT_CONVERSION = YES;
				CLANG_WARN_NON_LITERAL_NULL_CONVERSION = YES;
				CLANG_WARN_OBJC_IMPLICIT_RETAIN_SELF = YES;
				CLANG_WARN_OBJC_LITERAL_CONVERSION = YES;
				CLANG_WARN_OBJC_ROOT_CLASS = YES_ERROR;
				CLANG_WARN_QUOTED_INCLUDE_IN_FRAMEWORK_HEADER = YES;
				CLANG_WARN_RANGE_LOOP_ANALYSIS = YES;
				CLANG_WARN_STRICT_PROTOTYPES = YES;
				CLANG_WARN_SUSPICIOUS_MOVE = YES;
				CLANG_WARN_UNGUARDED_AVAILABILITY = YES_AGGRESSIVE;
				CLANG_WARN_UNREACHABLE_CODE = YES;
				CLANG_WARN__DUPLICATE_METHOD_MATCH = YES;
				COPY_PHASE_STRIP = NO;
				DEBUG_INFORMATION_FORMAT = "dwarf-with-dsym";
				ENABLE_NS_ASSERTIONS = NO;
				ENABLE_STRICT_OBJC_MSGSEND = YES;
				GCC_C_LANGUAGE_STANDARD = gnu11;
				GCC_NO_COMMON_BLOCKS = YES;
				GCC_WARN_64_TO_32_BIT_CONVERSION = YES;
				GCC_WARN_ABOUT_RETURN_TYPE = YES_ERROR;
				GCC_WARN_UNDECLARED_SELECTOR = YES;
				GCC_WARN_UNINITIALIZED_AUTOS = YES_AGGRESSIVE;
				GCC_WARN_UNUSED_FUNCTION = YES;
				GCC_WARN_UNUSED_VARIABLE = YES;
				IPHONEOS_DEPLOYMENT_TARGET = 14.4;
				MTL_ENABLE_DEBUG_INFO = NO;
				MTL_FAST_MATH = YES;
				SDKROOT = iphoneos;
				SWIFT_COMPILATION_MODE = wholemodule;
				SWIFT_OPTIMIZATION_LEVEL = "-O";
				VALIDATE_PRODUCT = YES;
			};
			name = Release;
		};
		D2CB92182997F32700530031 /* Debug */ = {
			isa = XCBuildConfiguration;
			baseConfigurationReference = 6782E4060802DC5EDB6FFC43 /* Pods-weather-app.debug.xcconfig */;
			buildSettings = {
				ASSETCATALOG_COMPILER_APPICON_NAME = AppIcon;
				ASSETCATALOG_COMPILER_GLOBAL_ACCENT_COLOR_NAME = AccentColor;
				CODE_SIGN_STYLE = Automatic;
				DEVELOPMENT_TEAM = "";
				INFOPLIST_FILE = "Weather-app/Info.plist";
				IPHONEOS_DEPLOYMENT_TARGET = 13.2;
				LD_RUNPATH_SEARCH_PATHS = (
					"$(inherited)",
					"@executable_path/Frameworks",
				);
				PRODUCT_BUNDLE_IDENTIFIER = "Wera-Stremedlowska.Weather-app";
				PRODUCT_NAME = "$(TARGET_NAME)";
				SWIFT_VERSION = 5.0;
				TARGETED_DEVICE_FAMILY = "1,2";
			};
			name = Debug;
		};
		D2CB92192997F32700530031 /* Release */ = {
			isa = XCBuildConfiguration;
			baseConfigurationReference = 654B357C974C1869E9D463C6 /* Pods-weather-app.release.xcconfig */;
			buildSettings = {
				ASSETCATALOG_COMPILER_APPICON_NAME = AppIcon;
				ASSETCATALOG_COMPILER_GLOBAL_ACCENT_COLOR_NAME = AccentColor;
				CODE_SIGN_STYLE = Automatic;
				DEVELOPMENT_TEAM = "";
				INFOPLIST_FILE = "Weather-app/Info.plist";
				IPHONEOS_DEPLOYMENT_TARGET = 13.2;
				LD_RUNPATH_SEARCH_PATHS = (
					"$(inherited)",
					"@executable_path/Frameworks",
				);
				PRODUCT_BUNDLE_IDENTIFIER = "Wera-Stremedlowska.Weather-app";
				PRODUCT_NAME = "$(TARGET_NAME)";
				SWIFT_VERSION = 5.0;
				TARGETED_DEVICE_FAMILY = "1,2";
			};
			name = Release;
		};
/* End XCBuildConfiguration section */

/* Begin XCConfigurationList section */
		D244D85D29A13EBD00057498 /* Build configuration list for PBXNativeTarget "weather-appUITests" */ = {
			isa = XCConfigurationList;
			buildConfigurations = (
				D244D85E29A13EBD00057498 /* Debug */,
				D244D85F29A13EBD00057498 /* Release */,
			);
			defaultConfigurationIsVisible = 0;
			defaultConfigurationName = Release;
		};
		D2CB91E82997F32300530031 /* Build configuration list for PBXProject "weather-app" */ = {
			isa = XCConfigurationList;
			buildConfigurations = (
				D2CB92152997F32700530031 /* Debug */,
				D2CB92162997F32700530031 /* Release */,
			);
			defaultConfigurationIsVisible = 0;
			defaultConfigurationName = Release;
		};
		D2CB92172997F32700530031 /* Build configuration list for PBXNativeTarget "weather-app" */ = {
			isa = XCConfigurationList;
			buildConfigurations = (
				D2CB92182997F32700530031 /* Debug */,
				D2CB92192997F32700530031 /* Release */,
			);
			defaultConfigurationIsVisible = 0;
			defaultConfigurationName = Release;
		};
/* End XCConfigurationList section */
	};
	rootObject = D2CB91E52997F32300530031 /* Project object */;
}
